
Microsoft Visual Studio Solution File, Format Version 12.00
# Visual Studio Version 17
VisualStudioVersion = 17.0.32112.339
MinimumVisualStudioVersion = 10.0.40219.1
Project("{FAE04EC0-301F-11D3-BF4B-00C04F79EFBC}") = "Interface", "Interface\Interface.csproj", "{5A7FC1D9-9100-4B3B-B6EB-298ED042A29F}"
EndProject
Project("{FAE04EC0-301F-11D3-BF4B-00C04F79EFBC}") = "Installments", "Installments\Installments.csproj", "{05DBB0CD-975A-4721-B5DA-13DD370D7677}"
EndProject
Global
	GlobalSection(SolutionConfigurationPlatforms) = preSolution
		Debug|Any CPU = Debug|Any CPU
		Release|Any CPU = Release|Any CPU
	EndGlobalSection
	GlobalSection(ProjectConfigurationPlatforms) = postSolution
		{5A7FC1D9-9100-4B3B-B6EB-298ED042A29F}.Debug|Any CPU.ActiveCfg = Debug|Any CPU
		{5A7FC1D9-9100-4B3B-B6EB-298ED042A29F}.Debug|Any CPU.Build.0 = Debug|Any CPU
		{5A7FC1D9-9100-4B3B-B6EB-298ED042A29F}.Release|Any CPU.ActiveCfg = Release|Any CPU
		{5A7FC1D9-9100-4B3B-B6EB-298ED042A29F}.Release|Any CPU.Build.0 = Release|Any CPU
		{05DBB0CD-975A-4721-B5DA-13DD370D7677}.Debug|Any CPU.ActiveCfg = Debug|Any CPU
		{05DBB0CD-975A-4721-B5DA-13DD370D7677}.Debug|Any CPU.Build.0 = Debug|Any CPU
		{05DBB0CD-975A-4721-B5DA-13DD370D7677}.Release|Any CPU.ActiveCfg = Release|Any CPU
		{05DBB0CD-975A-4721-B5DA-13DD370D7677}.Release|Any CPU.Build.0 = Release|Any CPU
	EndGlobalSection
	GlobalSection(SolutionProperties) = preSolution
		HideSolutionNode = FALSE
	EndGlobalSection
	GlobalSection(ExtensibilityGlobals) = postSolution
		SolutionGuid = {F83E22CA-8F80-46FA-8364-F82B19F85C7B}
	EndGlobalSection
EndGlobal
